// !$*UTF8*$!
{
	archiveVersion = 1;
	classes = {
	};
	objectVersion = 77;
	objects = {

/* Begin PBXBuildFile section */
		9F1552E62CEF35B200DD9F6E /* Auth in Frameworks */ = {isa = PBXBuildFile; productRef = 9F1552E52CEF35B200DD9F6E /* Auth */; };
		9F1552E82CEF35B200DD9F6E /* Models in Frameworks */ = {isa = PBXBuildFile; productRef = 9F1552E72CEF35B200DD9F6E /* Models */; };
		9F1552EA2CEF35B200DD9F6E /* Network in Frameworks */ = {isa = PBXBuildFile; productRef = 9F1552E92CEF35B200DD9F6E /* Network */; };
		9F1552ED2CEF35C000DD9F6E /* AuthUI in Frameworks */ = {isa = PBXBuildFile; productRef = 9F1552EC2CEF35C000DD9F6E /* AuthUI */; };
		9F1552EF2CEF35C000DD9F6E /* DesignSystem in Frameworks */ = {isa = PBXBuildFile; productRef = 9F1552EE2CEF35C000DD9F6E /* DesignSystem */; };
		9F1552F12CEF35C000DD9F6E /* FeedUI in Frameworks */ = {isa = PBXBuildFile; productRef = 9F1552F02CEF35C000DD9F6E /* FeedUI */; };
		9F1552F32CEF35C000DD9F6E /* PostUI in Frameworks */ = {isa = PBXBuildFile; productRef = 9F1552F22CEF35C000DD9F6E /* PostUI */; };
		9F21F9B72CFDC288003B9250 /* MediaUI in Frameworks */ = {isa = PBXBuildFile; productRef = 9F21F9B62CFDC288003B9250 /* MediaUI */; };
		9F5892032CEB2E2D00798943 /* Network in Frameworks */ = {isa = PBXBuildFile; productRef = 9F5892022CEB2E2D00798943 /* Network */; };
		9F5892972CEC703B00798943 /* DesignSystem in Frameworks */ = {isa = PBXBuildFile; productRef = 9F5892962CEC703B00798943 /* DesignSystem */; };
		9F58939D2CEDF04200798943 /* Auth in Frameworks */ = {isa = PBXBuildFile; productRef = 9F58939C2CEDF04200798943 /* Auth */; };
		9F58939F2CEDF04200798943 /* Models in Frameworks */ = {isa = PBXBuildFile; productRef = 9F58939E2CEDF04200798943 /* Models */; };
		9FA556A32CF49E55008A62B4 /* FeedUI in Frameworks */ = {isa = PBXBuildFile; productRef = 9FD63DDD2CEF1F5B00243D9A /* FeedUI */; };
		9FA557082CF61EE4008A62B4 /* NotificationsUI in Frameworks */ = {isa = PBXBuildFile; productRef = 9FA557072CF61EE4008A62B4 /* NotificationsUI */; };
		9FAEE3BA2CF09BB400F86CDC /* SettingsUI in Frameworks */ = {isa = PBXBuildFile; productRef = 9FAEE3B92CF09BB400F86CDC /* SettingsUI */; };
		9FD63DE02CEF1F5B00243D9A /* PostUI in Frameworks */ = {isa = PBXBuildFile; productRef = 9FD63DDF2CEF1F5B00243D9A /* PostUI */; };
		9FD63DE22CEF20F500243D9A /* AuthUI in Frameworks */ = {isa = PBXBuildFile; productRef = 9FD63DE12CEF20F500243D9A /* AuthUI */; };
/* End PBXBuildFile section */

/* Begin PBXFileReference section */
		9F2142232CE9DAA1004167D7 /* IcySky.app */ = {isa = PBXFileReference; explicitFileType = wrapper.application; includeInIndex = 0; path = IcySky.app; sourceTree = BUILT_PRODUCTS_DIR; };
		9F5F5E102CEE46B200A4712C /* IcySky-Info.plist */ = {isa = PBXFileReference; lastKnownFileType = text.plist; path = "IcySky-Info.plist"; sourceTree = "<group>"; };
		9FAEE3A72CF0994400F86CDC /* Features */ = {isa = PBXFileReference; lastKnownFileType = wrapper; name = Features; path = Packages/Features; sourceTree = "<group>"; };
		9FAEE3A82CF0994C00F86CDC /* Model */ = {isa = PBXFileReference; lastKnownFileType = wrapper; name = Model; path = Packages/Model; sourceTree = "<group>"; };
		9FAEE3B72CF099E600F86CDC /* PackageTests.xctestplan */ = {isa = PBXFileReference; lastKnownFileType = text; path = PackageTests.xctestplan; sourceTree = "<group>"; };
/* End PBXFileReference section */

/* Begin PBXFileSystemSynchronizedRootGroup section */
		9F2142252CE9DAA1004167D7 /* App */ = {
			isa = PBXFileSystemSynchronizedRootGroup;
			path = App;
			sourceTree = "<group>";
		};
/* End PBXFileSystemSynchronizedRootGroup section */

/* Begin PBXFrameworksBuildPhase section */
		9F2142202CE9DAA1004167D7 /* Frameworks */ = {
			isa = PBXFrameworksBuildPhase;
			buildActionMask = 2147483647;
			files = (
				9FA556A32CF49E55008A62B4 /* FeedUI in Frameworks */,
				9F1552F12CEF35C000DD9F6E /* FeedUI in Frameworks */,
				9FAEE3BA2CF09BB400F86CDC /* SettingsUI in Frameworks */,
				9F1552F32CEF35C000DD9F6E /* PostUI in Frameworks */,
				9F58939F2CEDF04200798943 /* Models in Frameworks */,
				9F1552ED2CEF35C000DD9F6E /* AuthUI in Frameworks */,
				9F1552EF2CEF35C000DD9F6E /* DesignSystem in Frameworks */,
				9FA557082CF61EE4008A62B4 /* NotificationsUI in Frameworks */,
				9F5892032CEB2E2D00798943 /* Network in Frameworks */,
				9F1552E82CEF35B200DD9F6E /* Models in Frameworks */,
				9F21F9B72CFDC288003B9250 /* MediaUI in Frameworks */,
				9F58939D2CEDF04200798943 /* Auth in Frameworks */,
				9FD63DE02CEF1F5B00243D9A /* PostUI in Frameworks */,
				9F5892972CEC703B00798943 /* DesignSystem in Frameworks */,
				9F1552E62CEF35B200DD9F6E /* Auth in Frameworks */,
				9FD63DE22CEF20F500243D9A /* AuthUI in Frameworks */,
				9F1552EA2CEF35B200DD9F6E /* Network in Frameworks */,
			);
			runOnlyForDeploymentPostprocessing = 0;
		};
/* End PBXFrameworksBuildPhase section */

/* Begin PBXGroup section */
		9F21421A2CE9DAA1004167D7 = {
			isa = PBXGroup;
			children = (
				9FAEE3B72CF099E600F86CDC /* PackageTests.xctestplan */,
				9F5F5E102CEE46B200A4712C /* IcySky-Info.plist */,
				9F2142252CE9DAA1004167D7 /* App */,
				9FAEE3A82CF0994C00F86CDC /* Model */,
				9FAEE3A72CF0994400F86CDC /* Features */,
				9FAEE3B82CF09BB400F86CDC /* Frameworks */,
				9F2142242CE9DAA1004167D7 /* Products */,
			);
			sourceTree = "<group>";
		};
		9F2142242CE9DAA1004167D7 /* Products */ = {
			isa = PBXGroup;
			children = (
				9F2142232CE9DAA1004167D7 /* IcySky.app */,
			);
			name = Products;
			sourceTree = "<group>";
		};
		9FAEE3B82CF09BB400F86CDC /* Frameworks */ = {
			isa = PBXGroup;
			children = (
			);
			name = Frameworks;
			sourceTree = "<group>";
		};
/* End PBXGroup section */

/* Begin PBXNativeTarget section */
		9F2142222CE9DAA1004167D7 /* IcySky */ = {
			isa = PBXNativeTarget;
			buildConfigurationList = 9F2142482CE9DAA3004167D7 /* Build configuration list for PBXNativeTarget "IcySky" */;
			buildPhases = (
				9F21421F2CE9DAA1004167D7 /* Sources */,
				9F2142202CE9DAA1004167D7 /* Frameworks */,
				9F2142212CE9DAA1004167D7 /* Resources */,
			);
			buildRules = (
			);
			dependencies = (
			);
			fileSystemSynchronizedGroups = (
				9F2142252CE9DAA1004167D7 /* App */,
			);
			name = IcySky;
			packageProductDependencies = (
				9F5892022CEB2E2D00798943 /* Network */,
				9F5892962CEC703B00798943 /* DesignSystem */,
				9F58939C2CEDF04200798943 /* Auth */,
				9F58939E2CEDF04200798943 /* Models */,
				9FD63DDD2CEF1F5B00243D9A /* FeedUI */,
				9FD63DDF2CEF1F5B00243D9A /* PostUI */,
				9FD63DE12CEF20F500243D9A /* AuthUI */,
				9F1552E52CEF35B200DD9F6E /* Auth */,
				9F1552E72CEF35B200DD9F6E /* Models */,
				9F1552E92CEF35B200DD9F6E /* Network */,
				9F1552EC2CEF35C000DD9F6E /* AuthUI */,
				9F1552EE2CEF35C000DD9F6E /* DesignSystem */,
				9F1552F02CEF35C000DD9F6E /* FeedUI */,
				9F1552F22CEF35C000DD9F6E /* PostUI */,
				9FAEE3B92CF09BB400F86CDC /* SettingsUI */,
				9FA557072CF61EE4008A62B4 /* NotificationsUI */,
				9F21F9B62CFDC288003B9250 /* MediaUI */,
			);
			productName = IcySky;
			productReference = 9F2142232CE9DAA1004167D7 /* IcySky.app */;
			productType = "com.apple.product-type.application";
		};
/* End PBXNativeTarget section */

/* Begin PBXProject section */
		9F21421B2CE9DAA1004167D7 /* Project object */ = {
			isa = PBXProject;
			attributes = {
				BuildIndependentTargetsInParallel = 1;
				LastSwiftUpdateCheck = 1610;
				LastUpgradeCheck = 1610;
				TargetAttributes = {
					9F2142222CE9DAA1004167D7 = {
						CreatedOnToolsVersion = 16.1;
					};
				};
			};
			buildConfigurationList = 9F21421E2CE9DAA1004167D7 /* Build configuration list for PBXProject "IcySky" */;
			developmentRegion = en;
			hasScannedForEncodings = 0;
			knownRegions = (
				en,
				Base,
			);
			mainGroup = 9F21421A2CE9DAA1004167D7;
			minimizedProjectReferenceProxies = 1;
			packageReferences = (
			);
			preferredProjectObjectVersion = 77;
			productRefGroup = 9F2142242CE9DAA1004167D7 /* Products */;
			projectDirPath = "";
			projectRoot = "";
			targets = (
				9F2142222CE9DAA1004167D7 /* IcySky */,
			);
		};
/* End PBXProject section */

/* Begin PBXResourcesBuildPhase section */
		9F2142212CE9DAA1004167D7 /* Resources */ = {
			isa = PBXResourcesBuildPhase;
			buildActionMask = 2147483647;
			files = (
			);
			runOnlyForDeploymentPostprocessing = 0;
		};
/* End PBXResourcesBuildPhase section */

/* Begin PBXSourcesBuildPhase section */
		9F21421F2CE9DAA1004167D7 /* Sources */ = {
			isa = PBXSourcesBuildPhase;
			buildActionMask = 2147483647;
			files = (
			);
			runOnlyForDeploymentPostprocessing = 0;
		};
/* End PBXSourcesBuildPhase section */

/* Begin XCBuildConfiguration section */
		9F2142462CE9DAA3004167D7 /* Debug */ = {
			isa = XCBuildConfiguration;
			buildSettings = {
				ALWAYS_SEARCH_USER_PATHS = NO;
				ASSETCATALOG_COMPILER_GENERATE_SWIFT_ASSET_SYMBOL_EXTENSIONS = YES;
				CLANG_ANALYZER_NONNULL = YES;
				CLANG_ANALYZER_NUMBER_OBJECT_CONVERSION = YES_AGGRESSIVE;
				CLANG_CXX_LANGUAGE_STANDARD = "gnu++20";
				CLANG_ENABLE_MODULES = YES;
				CLANG_ENABLE_OBJC_ARC = YES;
				CLANG_ENABLE_OBJC_WEAK = YES;
				CLANG_WARN_BLOCK_CAPTURE_AUTORELEASING = YES;
				CLANG_WARN_BOOL_CONVERSION = YES;
				CLANG_WARN_COMMA = YES;
				CLANG_WARN_CONSTANT_CONVERSION = YES;
				CLANG_WARN_DEPRECATED_OBJC_IMPLEMENTATIONS = YES;
				CLANG_WARN_DIRECT_OBJC_ISA_USAGE = YES_ERROR;
				CLANG_WARN_DOCUMENTATION_COMMENTS = YES;
				CLANG_WARN_EMPTY_BODY = YES;
				CLANG_WARN_ENUM_CONVERSION = YES;
				CLANG_WARN_INFINITE_RECURSION = YES;
				CLANG_WARN_INT_CONVERSION = YES;
				CLANG_WARN_NON_LITERAL_NULL_CONVERSION = YES;
				CLANG_WARN_OBJC_IMPLICIT_RETAIN_SELF = YES;
				CLANG_WARN_OBJC_LITERAL_CONVERSION = YES;
				CLANG_WARN_OBJC_ROOT_CLASS = YES_ERROR;
				CLANG_WARN_QUOTED_INCLUDE_IN_FRAMEWORK_HEADER = YES;
				CLANG_WARN_RANGE_LOOP_ANALYSIS = YES;
				CLANG_WARN_STRICT_PROTOTYPES = YES;
				CLANG_WARN_SUSPICIOUS_MOVE = YES;
				CLANG_WARN_UNGUARDED_AVAILABILITY = YES_AGGRESSIVE;
				CLANG_WARN_UNREACHABLE_CODE = YES;
				CLANG_WARN__DUPLICATE_METHOD_MATCH = YES;
				COPY_PHASE_STRIP = NO;
				DEBUG_INFORMATION_FORMAT = dwarf;
				ENABLE_STRICT_OBJC_MSGSEND = YES;
				ENABLE_TESTABILITY = YES;
				ENABLE_USER_SCRIPT_SANDBOXING = YES;
				GCC_C_LANGUAGE_STANDARD = gnu17;
				GCC_DYNAMIC_NO_PIC = NO;
				GCC_NO_COMMON_BLOCKS = YES;
				GCC_OPTIMIZATION_LEVEL = 0;
				GCC_PREPROCESSOR_DEFINITIONS = (
					"DEBUG=1",
					"$(inherited)",
				);
				GCC_WARN_64_TO_32_BIT_CONVERSION = YES;
				GCC_WARN_ABOUT_RETURN_TYPE = YES_ERROR;
				GCC_WARN_UNDECLARED_SELECTOR = YES;
				GCC_WARN_UNINITIALIZED_AUTOS = YES_AGGRESSIVE;
				GCC_WARN_UNUSED_FUNCTION = YES;
				GCC_WARN_UNUSED_VARIABLE = YES;
				LOCALIZATION_PREFERS_STRING_CATALOGS = YES;
				MTL_ENABLE_DEBUG_INFO = INCLUDE_SOURCE;
				MTL_FAST_MATH = YES;
				ONLY_ACTIVE_ARCH = YES;
				SWIFT_ACTIVE_COMPILATION_CONDITIONS = "DEBUG $(inherited)";
				SWIFT_OPTIMIZATION_LEVEL = "-Onone";
			};
			name = Debug;
		};
		9F2142472CE9DAA3004167D7 /* Release */ = {
			isa = XCBuildConfiguration;
			buildSettings = {
				ALWAYS_SEARCH_USER_PATHS = NO;
				ASSETCATALOG_COMPILER_GENERATE_SWIFT_ASSET_SYMBOL_EXTENSIONS = YES;
				CLANG_ANALYZER_NONNULL = YES;
				CLANG_ANALYZER_NUMBER_OBJECT_CONVERSION = YES_AGGRESSIVE;
				CLANG_CXX_LANGUAGE_STANDARD = "gnu++20";
				CLANG_ENABLE_MODULES = YES;
				CLANG_ENABLE_OBJC_ARC = YES;
				CLANG_ENABLE_OBJC_WEAK = YES;
				CLANG_WARN_BLOCK_CAPTURE_AUTORELEASING = YES;
				CLANG_WARN_BOOL_CONVERSION = YES;
				CLANG_WARN_COMMA = YES;
				CLANG_WARN_CONSTANT_CONVERSION = YES;
				CLANG_WARN_DEPRECATED_OBJC_IMPLEMENTATIONS = YES;
				CLANG_WARN_DIRECT_OBJC_ISA_USAGE = YES_ERROR;
				CLANG_WARN_DOCUMENTATION_COMMENTS = YES;
				CLANG_WARN_EMPTY_BODY = YES;
				CLANG_WARN_ENUM_CONVERSION = YES;
				CLANG_WARN_INFINITE_RECURSION = YES;
				CLANG_WARN_INT_CONVERSION = YES;
				CLANG_WARN_NON_LITERAL_NULL_CONVERSION = YES;
				CLANG_WARN_OBJC_IMPLICIT_RETAIN_SELF = YES;
				CLANG_WARN_OBJC_LITERAL_CONVERSION = YES;
				CLANG_WARN_OBJC_ROOT_CLASS = YES_ERROR;
				CLANG_WARN_QUOTED_INCLUDE_IN_FRAMEWORK_HEADER = YES;
				CLANG_WARN_RANGE_LOOP_ANALYSIS = YES;
				CLANG_WARN_STRICT_PROTOTYPES = YES;
				CLANG_WARN_SUSPICIOUS_MOVE = YES;
				CLANG_WARN_UNGUARDED_AVAILABILITY = YES_AGGRESSIVE;
				CLANG_WARN_UNREACHABLE_CODE = YES;
				CLANG_WARN__DUPLICATE_METHOD_MATCH = YES;
				COPY_PHASE_STRIP = NO;
				DEBUG_INFORMATION_FORMAT = "dwarf-with-dsym";
				ENABLE_NS_ASSERTIONS = NO;
				ENABLE_STRICT_OBJC_MSGSEND = YES;
				ENABLE_USER_SCRIPT_SANDBOXING = YES;
				GCC_C_LANGUAGE_STANDARD = gnu17;
				GCC_NO_COMMON_BLOCKS = YES;
				GCC_WARN_64_TO_32_BIT_CONVERSION = YES;
				GCC_WARN_ABOUT_RETURN_TYPE = YES_ERROR;
				GCC_WARN_UNDECLARED_SELECTOR = YES;
				GCC_WARN_UNINITIALIZED_AUTOS = YES_AGGRESSIVE;
				GCC_WARN_UNUSED_FUNCTION = YES;
				GCC_WARN_UNUSED_VARIABLE = YES;
				LOCALIZATION_PREFERS_STRING_CATALOGS = YES;
				MTL_ENABLE_DEBUG_INFO = NO;
				MTL_FAST_MATH = YES;
				SWIFT_COMPILATION_MODE = wholemodule;
			};
			name = Release;
		};
		9F2142492CE9DAA3004167D7 /* Debug */ = {
			isa = XCBuildConfiguration;
			buildSettings = {
				ASSETCATALOG_COMPILER_APPICON_NAME = AppIcon;
				ASSETCATALOG_COMPILER_GLOBAL_ACCENT_COLOR_NAME = AccentColor;
				CODE_SIGN_ENTITLEMENTS = App/IcySky.entitlements;
				"CODE_SIGN_IDENTITY[sdk=macosx*]" = "Apple Development";
				CODE_SIGN_STYLE = Automatic;
				CURRENT_PROJECT_VERSION = 1;
				DEVELOPMENT_ASSET_PATHS = "\"App/Preview Content\"";
				DEVELOPMENT_TEAM = Z6P74P6T99;
				ENABLE_HARDENED_RUNTIME = YES;
				ENABLE_PREVIEWS = YES;
				GENERATE_INFOPLIST_FILE = YES;
				INFOPLIST_FILE = "IcySky-Info.plist";
				INFOPLIST_KEY_CFBundleDisplayName = "Icy Sky";
				INFOPLIST_KEY_LSApplicationCategoryType = "public.app-category.social-networking";
				"INFOPLIST_KEY_UIApplicationSceneManifest_Generation[sdk=iphoneos*]" = YES;
				"INFOPLIST_KEY_UIApplicationSceneManifest_Generation[sdk=iphonesimulator*]" = YES;
				"INFOPLIST_KEY_UIApplicationSupportsIndirectInputEvents[sdk=iphoneos*]" = YES;
				"INFOPLIST_KEY_UIApplicationSupportsIndirectInputEvents[sdk=iphonesimulator*]" = YES;
				"INFOPLIST_KEY_UILaunchScreen_Generation[sdk=iphoneos*]" = YES;
				"INFOPLIST_KEY_UILaunchScreen_Generation[sdk=iphonesimulator*]" = YES;
				INFOPLIST_KEY_UIStatusBarStyle = UIStatusBarStyleLightContent;
				"INFOPLIST_KEY_UIStatusBarStyle[sdk=iphoneos*]" = UIStatusBarStyleDefault;
				"INFOPLIST_KEY_UIStatusBarStyle[sdk=iphonesimulator*]" = UIStatusBarStyleDefault;
				INFOPLIST_KEY_UISupportedInterfaceOrientations_iPad = "UIInterfaceOrientationPortrait UIInterfaceOrientationPortraitUpsideDown UIInterfaceOrientationLandscapeLeft UIInterfaceOrientationLandscapeRight";
				INFOPLIST_KEY_UISupportedInterfaceOrientations_iPhone = "UIInterfaceOrientationPortrait UIInterfaceOrientationLandscapeLeft UIInterfaceOrientationLandscapeRight";
				IPHONEOS_DEPLOYMENT_TARGET = 18.1;
				LD_RUNPATH_SEARCH_PATHS = "@executable_path/Frameworks";
				"LD_RUNPATH_SEARCH_PATHS[sdk=macosx*]" = "@executable_path/../Frameworks";
				MACOSX_DEPLOYMENT_TARGET = 15.1;
				MARKETING_VERSION = 1.0;
				PRODUCT_BUNDLE_IDENTIFIER = com.thomasricouard.GlowSky;
				PRODUCT_NAME = "$(TARGET_NAME)";
				SDKROOT = auto;
				SUPPORTED_PLATFORMS = "iphoneos iphonesimulator macosx";
				SUPPORTS_MACCATALYST = NO;
				SWIFT_EMIT_LOC_STRINGS = YES;
				SWIFT_VERSION = 6.0;
				TARGETED_DEVICE_FAMILY = "1,2";
				XROS_DEPLOYMENT_TARGET = 2.1;
			};
			name = Debug;
		};
		9F21424A2CE9DAA3004167D7 /* Release */ = {
			isa = XCBuildConfiguration;
			buildSettings = {
				ASSETCATALOG_COMPILER_APPICON_NAME = AppIcon;
				ASSETCATALOG_COMPILER_GLOBAL_ACCENT_COLOR_NAME = AccentColor;
				CODE_SIGN_ENTITLEMENTS = App/IcySky.entitlements;
				"CODE_SIGN_IDENTITY[sdk=macosx*]" = "Apple Development";
				CODE_SIGN_STYLE = Automatic;
				CURRENT_PROJECT_VERSION = 1;
				DEVELOPMENT_ASSET_PATHS = "\"App/Preview Content\"";
				DEVELOPMENT_TEAM = Z6P74P6T99;
				ENABLE_HARDENED_RUNTIME = YES;
				ENABLE_PREVIEWS = YES;
				GENERATE_INFOPLIST_FILE = YES;
				INFOPLIST_FILE = "IcySky-Info.plist";
				INFOPLIST_KEY_CFBundleDisplayName = "Icy Sky";
				INFOPLIST_KEY_LSApplicationCategoryType = "public.app-category.social-networking";
				"INFOPLIST_KEY_UIApplicationSceneManifest_Generation[sdk=iphoneos*]" = YES;
				"INFOPLIST_KEY_UIApplicationSceneManifest_Generation[sdk=iphonesimulator*]" = YES;
				"INFOPLIST_KEY_UIApplicationSupportsIndirectInputEvents[sdk=iphoneos*]" = YES;
				"INFOPLIST_KEY_UIApplicationSupportsIndirectInputEvents[sdk=iphonesimulator*]" = YES;
				"INFOPLIST_KEY_UILaunchScreen_Generation[sdk=iphoneos*]" = YES;
				"INFOPLIST_KEY_UILaunchScreen_Generation[sdk=iphonesimulator*]" = YES;
				INFOPLIST_KEY_UIStatusBarStyle = UIStatusBarStyleLightContent;
				"INFOPLIST_KEY_UIStatusBarStyle[sdk=iphoneos*]" = UIStatusBarStyleDefault;
				"INFOPLIST_KEY_UIStatusBarStyle[sdk=iphonesimulator*]" = UIStatusBarStyleDefault;
				INFOPLIST_KEY_UISupportedInterfaceOrientations_iPad = "UIInterfaceOrientationPortrait UIInterfaceOrientationPortraitUpsideDown UIInterfaceOrientationLandscapeLeft UIInterfaceOrientationLandscapeRight";
				INFOPLIST_KEY_UISupportedInterfaceOrientations_iPhone = "UIInterfaceOrientationPortrait UIInterfaceOrientationLandscapeLeft UIInterfaceOrientationLandscapeRight";
				IPHONEOS_DEPLOYMENT_TARGET = 18.1;
				LD_RUNPATH_SEARCH_PATHS = "@executable_path/Frameworks";
				"LD_RUNPATH_SEARCH_PATHS[sdk=macosx*]" = "@executable_path/../Frameworks";
				MACOSX_DEPLOYMENT_TARGET = 15.1;
				MARKETING_VERSION = 1.0;
				PRODUCT_BUNDLE_IDENTIFIER = com.thomasricouard.GlowSky;
				PRODUCT_NAME = "$(TARGET_NAME)";
				SDKROOT = auto;
				SUPPORTED_PLATFORMS = "iphoneos iphonesimulator macosx";
				SUPPORTS_MACCATALYST = NO;
				SWIFT_EMIT_LOC_STRINGS = YES;
				SWIFT_VERSION = 6.0;
				TARGETED_DEVICE_FAMILY = "1,2";
				XROS_DEPLOYMENT_TARGET = 2.1;
			};
			name = Release;
		};
/* End XCBuildConfiguration section */

/* Begin XCConfigurationList section */
		9F21421E2CE9DAA1004167D7 /* Build configuration list for PBXProject "IcySky" */ = {
			isa = XCConfigurationList;
			buildConfigurations = (
				9F2142462CE9DAA3004167D7 /* Debug */,
				9F2142472CE9DAA3004167D7 /* Release */,
			);
			defaultConfigurationIsVisible = 0;
			defaultConfigurationName = Release;
		};
		9F2142482CE9DAA3004167D7 /* Build configuration list for PBXNativeTarget "IcySky" */ = {
			isa = XCConfigurationList;
			buildConfigurations = (
				9F2142492CE9DAA3004167D7 /* Debug */,
				9F21424A2CE9DAA3004167D7 /* Release */,
			);
			defaultConfigurationIsVisible = 0;
			defaultConfigurationName = Release;
		};
/* End XCConfigurationList section */

/* Begin XCSwiftPackageProductDependency section */
		9F1552E52CEF35B200DD9F6E /* Auth */ = {
			isa = XCSwiftPackageProductDependency;
			productName = Auth;
		};
		9F1552E72CEF35B200DD9F6E /* Models */ = {
			isa = XCSwiftPackageProductDependency;
			productName = Models;
		};
		9F1552E92CEF35B200DD9F6E /* Network */ = {
			isa = XCSwiftPackageProductDependency;
			productName = Network;
		};
		9F1552EC2CEF35C000DD9F6E /* AuthUI */ = {
			isa = XCSwiftPackageProductDependency;
			productName = AuthUI;
		};
		9F1552EE2CEF35C000DD9F6E /* DesignSystem */ = {
			isa = XCSwiftPackageProductDependency;
			productName = DesignSystem;
		};
		9F1552F02CEF35C000DD9F6E /* FeedUI */ = {
			isa = XCSwiftPackageProductDependency;
			productName = FeedUI;
		};
		9F1552F22CEF35C000DD9F6E /* PostUI */ = {
			isa = XCSwiftPackageProductDependency;
			productName = PostUI;
		};
		9F21F9B62CFDC288003B9250 /* MediaUI */ = {
			isa = XCSwiftPackageProductDependency;
			productName = MediaUI;
		};
		9F5892022CEB2E2D00798943 /* Network */ = {
			isa = XCSwiftPackageProductDependency;
			productName = Network;
		};
		9F5892962CEC703B00798943 /* DesignSystem */ = {
			isa = XCSwiftPackageProductDependency;
			productName = DesignSystem;
		};
		9F58939C2CEDF04200798943 /* Auth */ = {
			isa = XCSwiftPackageProductDependency;
			productName = Auth;
		};
		9F58939E2CEDF04200798943 /* Models */ = {
			isa = XCSwiftPackageProductDependency;
			productName = Models;
		};
		9FA557072CF61EE4008A62B4 /* NotificationsUI */ = {
			isa = XCSwiftPackageProductDependency;
			productName = NotificationsUI;
		};
		9FAEE3B92CF09BB400F86CDC /* SettingsUI */ = {
			isa = XCSwiftPackageProductDependency;
			productName = SettingsUI;
		};
		9FD63DDD2CEF1F5B00243D9A /* FeedUI */ = {
			isa = XCSwiftPackageProductDependency;
			productName = FeedUI;
		};
		9FD63DDF2CEF1F5B00243D9A /* PostUI */ = {
			isa = XCSwiftPackageProductDependency;
			productName = PostUI;
		};
		9FD63DE12CEF20F500243D9A /* AuthUI */ = {
			isa = XCSwiftPackageProductDependency;
			productName = AuthUI;
		};
/* End XCSwiftPackageProductDependency section */
	};
	rootObject = 9F21421B2CE9DAA1004167D7 /* Project object */;
}
