{
  "originHash" : "5c2652841b13d575ca17fe08490cd4dd7f28c5d084f030269ae52bbfc0073c77",
  "pins" : [
    {
      "identity" : "approuter",
      "kind" : "remoteSourceControl",
      "location" : "https://github.com/Dimillian/AppRouter.git",
      "state" : {
        "revision" : "72f63f4312a231ab2706234b9e99c4b71651f38c",
        "version" : "1.0.2"
      }
    },
    {
      "identity" : "atprotokit",
      "kind" : "remoteSourceControl",
      "location" : "https://github.com/dimillian/ATProtoKit",
      "state" : {
        "branch" : "remove-update",
        "revision" : "a817ae7c7757c89260df374f4b3cf575da6fcceb"
      }
    },
    {
      "identity" : "keychain-swift",
      "kind" : "remoteSourceControl",
      "location" : "https://github.com/evgenyneu/keychain-swift",
      "state" : {
        "revision" : "5e1b02b6a9dac2a759a1d5dbc175c86bd192a608",
        "version" : "24.0.0"
      }
    },
    {
      "identity" : "swift-collections",
      "kind" : "remoteSourceControl",
      "location" : "https://github.com/apple/swift-collections.git",
      "state" : {
        "revision" : "671108c96644956dddcd89dd59c203dcdb36cec7",
        "version" : "1.1.4"
      }
    },
    {
      "identity" : "swift-log",
      "kind" : "remoteSourceControl",
      "location" : "https://github.com/apple/swift-log.git",
      "state" : {
        "revision" : "9cb486020ebf03bfa5b5df985387a14a98744537",
        "version" : "1.6.1"
      }
    },
    {
      "identity" : "swift-syntax",
      "kind" : "remoteSourceControl",
      "location" : "https://github.com/swiftlang/swift-syntax.git",
      "state" : {
        "revision" : "64889f0c732f210a935a0ad7cda38f77f876262d",
        "version" : "509.1.1"
      }
    },
    {
      "identity" : "swiftcbor",
      "kind" : "remoteSourceControl",
      "location" : "https://github.com/MasterJ93/SwiftCBOR.git",
      "state" : {
        "revision" : "0b01caa633889f6d64f73f1c01607358d36fe6e6",
        "version" : "0.4.0"
      }
    }
  ],
  "version" : 3
}
